
Microsoft Visual Studio Solution File, Format Version 12.00
# Visual Studio Version 16
VisualStudioVersion = 16.0.29728.190
MinimumVisualStudioVersion = 10.0.40219.1
Project("{FAE04EC0-301F-11D3-BF4B-00C04F79EFBC}") = "BeastAutoRun", "BeastAutoRun.csproj", "{94DD16BC-AFC7-4DD7-A10E-424588A96DEF}"
EndProject
Global
	GlobalSection(SolutionConfigurationPlatforms) = preSolution
		Debug|Any CPU = Debug|Any CPU
		Release|Any CPU = Release|Any CPU
	EndGlobalSection
	GlobalSection(ProjectConfigurationPlatforms) = postSolution
		{94DD16BC-AFC7-4DD7-A10E-424588A96DEF}.Debug|Any CPU.ActiveCfg = Debug|Any CPU
		{94DD16BC-AFC7-4DD7-A10E-424588A96DEF}.Debug|Any CPU.Build.0 = Debug|Any CPU
		{94DD16BC-AFC7-4DD7-A10E-424588A96DEF}.Release|Any CPU.ActiveCfg = Release|Any CPU
		{94DD16BC-AFC7-4DD7-A10E-424588A96DEF}.Release|Any CPU.Build.0 = Release|Any CPU
	EndGlobalSection
	GlobalSection(SolutionProperties) = preSolution
		HideSolutionNode = FALSE
	EndGlobalSection
	GlobalSection(ExtensibilityGlobals) = postSolution
		SolutionGuid = {107069F5-8CEC-49ED-BC82-9AE4A3014CDC}
	EndGlobalSection
EndGlobal
